github.com/johnwarden/hn v0.0.0-20220919140357-c857a4a1400a h1:OpjXqmTg3hUcSEOvBNh+CkvH79mOxvkzEpcl+ZnO/O8=
github.com/johnwarden/hn v0.0.0-20220919140357-c857a4a1400a/go.mod h1:ubxUzxsrubrX1QPup1CJhSgDWo+e9MtofcU7hbzdns4=
github.com/johnwarden/hn v0.0.0-20220919143828-be0fd4a6e0cd h1:e6wml/M/rqa178M48jXb1tdBgG/hagrfbdMpaZG2UQc=
github.com/johnwarden/hn v0.0.0-20220919143828-be0fd4a6e0cd/go.mod h1:ubxUzxsrubrX1QPup1CJhSgDWo+e9MtofcU7hbzdns4=
github.com/mattn/go-sqlite3 v1.14.15 h1:vfoHhTN1af61xCRSWzFIWzx2YskyMTwHLrExkBOjvxI=
github.com/mattn/go-sqlite3 v1.14.15/go.mod h1:2eHXhiwb8IkHr+BDWZGa96P6+rkvnG63S2DGjv9HUNg=
